{
  "meteor": {
    "git": "https://github.com/meteor/meteor.git",
    "branch": "auth",
    "commit": "102880a306b1ea1b967f7a9ad208d3fa30e3a268"
  },
  "dependencies": {
    "basePackages": {
      "groups": {
        "version": "0.0.6"
      },
      "groups-ui": {
        "path": ".."
      },
      "environment-hooks": {
        "version": "0.0.2"
      }
    },
    "packages": {
      "groups": {
        "git": "https://github.com/possibilities/meteor-groups.git",
        "tag": "v0.0.6",
        "commit": "ee45c3fbdb84313f6f0124ed30e02e101d3829cb"
      },
      "groups-ui": {
        "path": ".."
      },
      "environment-hooks": {
        "git": "https://github.com/possibilities/meteor-environment-hooks.git",
        "tag": "v0.0.2",
        "commit": "ec214129464e49b9cdb081ccb3d50ed8930722be"
      },
      "underscore-string": {
        "git": "https://github.com/possibilities/meteor-underscore-string.git",
        "tag": "v2.2.0rc.1",
        "commit": "dec21fac23310daf76dc19f246749e7beb48af03"
      },
      "bootstrap.less": {
        "git": "https://github.com/lvbreda/meteor_bootstrapless",
        "tag": "v2.1.0",
        "commit": "05dab8a4f07ef0f457fd4af4ea897c9d72129a2b"
      }
    }
  }
}
