{
  "meteor": {
    "path": "../../meteor"
  },
  "dependencies": {
    "basePackages": {
      "groups": {
        "path": "../../groups"
      },
      "groups-ui": {
        "path": ".."
      },
      "environment-hooks": {
        "path": "/Users/mike/work/m/environment-hooks"
      }
    },
    "packages": {
      "groups": {
        "path": "../../groups"
      },
      "groups-ui": {
        "path": ".."
      },
      "environment-hooks": {
        "path": "/Users/mike/work/m/environment-hooks"
      },
      "underscore-string": {
        "git": "https://github.com/possibilities/meteor-underscore-string.git",
        "tag": "v2.2.0rc.1",
        "commit": "dec21fac23310daf76dc19f246749e7beb48af03"
      },
      "bootstrap.less": {
        "git": "https://github.com/lvbreda/meteor_bootstrapless",
        "tag": "v2.1.0",
        "commit": "05dab8a4f07ef0f457fd4af4ea897c9d72129a2b"
      }
    }
  }
}
